
Microsoft Visual Studio Solution File, Format Version 12.00
# Visual Studio Version 16
VisualStudioVersion = 16.0.29613.14
MinimumVisualStudioVersion = 10.0.40219.1
Project("{9A19103F-16F7-4668-BE54-9A1E7A4F7556}") = "01_AppMvcCore", "01_AppMvcCore\01_AppMvcCore.csproj", "{5352C619-B5F5-4790-9465-6CE9C3EF9D78}"
EndProject
Project("{00D1A9C2-B5F0-4AF3-8072-F6C62B433612}") = "00_DB", "00_DB\00_DB.sqlproj", "{7B8538EA-1635-427C-B8E0-A604B383F74D}"
EndProject
Project("{FAE04EC0-301F-11D3-BF4B-00C04F79EFBC}") = "VitalTools", "VitalTools\VitalTools.csproj", "{5202BC83-C5CD-4FD5-AC70-15244505CD96}"
EndProject
Global
	GlobalSection(SolutionConfigurationPlatforms) = preSolution
		Debug|Any CPU = Debug|Any CPU
		Release|Any CPU = Release|Any CPU
	EndGlobalSection
	GlobalSection(ProjectConfigurationPlatforms) = postSolution
		{5352C619-B5F5-4790-9465-6CE9C3EF9D78}.Debug|Any CPU.ActiveCfg = Debug|Any CPU
		{5352C619-B5F5-4790-9465-6CE9C3EF9D78}.Debug|Any CPU.Build.0 = Debug|Any CPU
		{5352C619-B5F5-4790-9465-6CE9C3EF9D78}.Release|Any CPU.ActiveCfg = Release|Any CPU
		{5352C619-B5F5-4790-9465-6CE9C3EF9D78}.Release|Any CPU.Build.0 = Release|Any CPU
		{7B8538EA-1635-427C-B8E0-A604B383F74D}.Debug|Any CPU.ActiveCfg = Debug|Any CPU
		{7B8538EA-1635-427C-B8E0-A604B383F74D}.Debug|Any CPU.Build.0 = Debug|Any CPU
		{7B8538EA-1635-427C-B8E0-A604B383F74D}.Debug|Any CPU.Deploy.0 = Debug|Any CPU
		{7B8538EA-1635-427C-B8E0-A604B383F74D}.Release|Any CPU.ActiveCfg = Release|Any CPU
		{7B8538EA-1635-427C-B8E0-A604B383F74D}.Release|Any CPU.Build.0 = Release|Any CPU
		{7B8538EA-1635-427C-B8E0-A604B383F74D}.Release|Any CPU.Deploy.0 = Release|Any CPU
		{5202BC83-C5CD-4FD5-AC70-15244505CD96}.Debug|Any CPU.ActiveCfg = Debug|Any CPU
		{5202BC83-C5CD-4FD5-AC70-15244505CD96}.Debug|Any CPU.Build.0 = Debug|Any CPU
		{5202BC83-C5CD-4FD5-AC70-15244505CD96}.Release|Any CPU.ActiveCfg = Release|Any CPU
		{5202BC83-C5CD-4FD5-AC70-15244505CD96}.Release|Any CPU.Build.0 = Release|Any CPU
	EndGlobalSection
	GlobalSection(SolutionProperties) = preSolution
		HideSolutionNode = FALSE
	EndGlobalSection
	GlobalSection(ExtensibilityGlobals) = postSolution
		SolutionGuid = {4376879F-2919-4CE7-8246-A255068D4034}
	EndGlobalSection
EndGlobal
